
Microsoft Visual Studio Solution File, Format Version 12.00
# Visual Studio Version 17
VisualStudioVersion = 17.4.33122.133
MinimumVisualStudioVersion = 10.0.40219.1
Project("{9A19103F-16F7-4668-BE54-9A1E7A4F7556}") = "Zen.DbAccess", "Zen.DbAccess.csproj", "{AC4D3BC5-027F-4AB5-A867-3E9647124E58}"
EndProject
Project("{9A19103F-16F7-4668-BE54-9A1E7A4F7556}") = "Zen.DbAccess.Oracle", "Zen.DbAccess.Oracle\Zen.DbAccess.Oracle.csproj", "{597C6839-F2B4-44D4-9D2F-66B3AE8305CE}"
EndProject
Project("{9A19103F-16F7-4668-BE54-9A1E7A4F7556}") = "Tests.Zen.DbAccess", "Tests.Zen.DbAccess\Tests.Zen.DbAccess.csproj", "{D3BDFA0A-2C34-4EBE-8FD1-B3A2F481118C}"
EndProject
Global
	GlobalSection(SolutionConfigurationPlatforms) = preSolution
		Debug|Any CPU = Debug|Any CPU
		Release|Any CPU = Release|Any CPU
	EndGlobalSection
	GlobalSection(ProjectConfigurationPlatforms) = postSolution
		{AC4D3BC5-027F-4AB5-A867-3E9647124E58}.Debug|Any CPU.ActiveCfg = Debug|Any CPU
		{AC4D3BC5-027F-4AB5-A867-3E9647124E58}.Debug|Any CPU.Build.0 = Debug|Any CPU
		{AC4D3BC5-027F-4AB5-A867-3E9647124E58}.Release|Any CPU.ActiveCfg = Release|Any CPU
		{AC4D3BC5-027F-4AB5-A867-3E9647124E58}.Release|Any CPU.Build.0 = Release|Any CPU
		{597C6839-F2B4-44D4-9D2F-66B3AE8305CE}.Debug|Any CPU.ActiveCfg = Debug|Any CPU
		{597C6839-F2B4-44D4-9D2F-66B3AE8305CE}.Debug|Any CPU.Build.0 = Debug|Any CPU
		{597C6839-F2B4-44D4-9D2F-66B3AE8305CE}.Release|Any CPU.ActiveCfg = Release|Any CPU
		{597C6839-F2B4-44D4-9D2F-66B3AE8305CE}.Release|Any CPU.Build.0 = Release|Any CPU
		{D3BDFA0A-2C34-4EBE-8FD1-B3A2F481118C}.Debug|Any CPU.ActiveCfg = Debug|Any CPU
		{D3BDFA0A-2C34-4EBE-8FD1-B3A2F481118C}.Debug|Any CPU.Build.0 = Debug|Any CPU
		{D3BDFA0A-2C34-4EBE-8FD1-B3A2F481118C}.Release|Any CPU.ActiveCfg = Release|Any CPU
		{D3BDFA0A-2C34-4EBE-8FD1-B3A2F481118C}.Release|Any CPU.Build.0 = Release|Any CPU
	EndGlobalSection
	GlobalSection(SolutionProperties) = preSolution
		HideSolutionNode = FALSE
	EndGlobalSection
	GlobalSection(ExtensibilityGlobals) = postSolution
		SolutionGuid = {7ACA0F48-9762-49D2-AD5B-555D67CDC13C}
	EndGlobalSection
EndGlobal
