
Microsoft Visual Studio Solution File, Format Version 12.00
# Visual Studio Version 17
VisualStudioVersion = 17.9.34616.47
MinimumVisualStudioVersion = 10.0.40219.1
Project("{FAE04EC0-301F-11D3-BF4B-00C04F79EFBC}") = "TestJsonSerialize", "TestJsonSerialize\TestJsonSerialize.csproj", "{33A56CEE-66B9-4D83-BBA5-319D2567D785}"
EndProject
Global
	GlobalSection(SolutionConfigurationPlatforms) = preSolution
		Debug|Any CPU = Debug|Any CPU
		Release|Any CPU = Release|Any CPU
	EndGlobalSection
	GlobalSection(ProjectConfigurationPlatforms) = postSolution
		{33A56CEE-66B9-4D83-BBA5-319D2567D785}.Debug|Any CPU.ActiveCfg = Debug|Any CPU
		{33A56CEE-66B9-4D83-BBA5-319D2567D785}.Debug|Any CPU.Build.0 = Debug|Any CPU
		{33A56CEE-66B9-4D83-BBA5-319D2567D785}.Release|Any CPU.ActiveCfg = Release|Any CPU
		{33A56CEE-66B9-4D83-BBA5-319D2567D785}.Release|Any CPU.Build.0 = Release|Any CPU
	EndGlobalSection
	GlobalSection(SolutionProperties) = preSolution
		HideSolutionNode = FALSE
	EndGlobalSection
	GlobalSection(ExtensibilityGlobals) = postSolution
		SolutionGuid = {4E6CDBD9-69EB-4EB0-8DBF-AFFA2F8186AD}
	EndGlobalSection
EndGlobal
